# This file is automatically @generated by Poetry 1.6.1 and should not be changed by hand.

[[package]]
name = "minizinc"
version = "0.9.0"
description = "Access MiniZinc directly from Python"
optional = false
python-versions = ">=3.7,<4.0"
files = [
    {file = "minizinc-0.9.0-py3-none-any.whl", hash = "sha256:cf50f0de07a93eca141d4a984dd623c0794898558ca9d22771bdf67817ae86fd"},
    {file = "minizinc-0.9.0.tar.gz", hash = "sha256:5a85d4183bc3451ed48a1f8b7589755e13f557e8701cca32ab3f33c03c9f5c5b"},
]

[package.extras]
dzn = ["lark-parser (>=0.12.0,<0.13.0)"]

[[package]]
name = "pymzn"
version = "0.18.3"
description = "A Python wrapper for the MiniZinc tool pipeline."
optional = false
python-versions = "*"
files = [
    {file = "pymzn-0.18.3-py3-none-any.whl", hash = "sha256:c4674e6ca87313e3005aa1a406c9a1aa1bdac0afeb0a0ff8316f0f2d89179dcb"},
    {file = "pymzn-0.18.3.tar.gz", hash = "sha256:de886a906e91335bb4ae3025f65cb8de04646e544df765b4c00c717978315e69"},
]

[[package]]
name = "tk"
version = "0.1.0"
description = "TensorKit is a deep learning helper between Python and C++."
optional = false
python-versions = "*"
files = [
    {file = "tk-0.1.0-py3-none-any.whl", hash = "sha256:703a69ff0d5ba2bd2f7440582ad10160e4a6561595d33457dc6caa79b9bf4930"},
    {file = "tk-0.1.0.tar.gz", hash = "sha256:60bc8923d5d35f67f5c6bd93d4f0c49d2048114ec077768f959aef36d4ed97f8"},
]

[metadata]
lock-version = "2.0"
python-versions = "^3.11"
content-hash = "8ccb66fb7226f442a435f2e23fa278fce6643267157b452a76eed59bfbd576b7"
